// !$*UTF8*$!
{
	archiveVersion = 1;
	classes = {
	};
	objectVersion = 50;
	objects = {

/* Begin PBXBuildFile section */
		07B40A77233C9CF4006C0F49 /* main.swift in Sources */ = {isa = PBXBuildFile; fileRef = 07B40A76233C9CF4006C0F49 /* main.swift */; };
		07B40A82233CCE29006C0F49 /* SwaggerProcessor.swift in Sources */ = {isa = PBXBuildFile; fileRef = 07B40A81233CCE29006C0F49 /* SwaggerProcessor.swift */; };
		07B40A84233DDF2E006C0F49 /* SwaggerPrimitives.swift in Sources */ = {isa = PBXBuildFile; fileRef = 07B40A83233DDF2E006C0F49 /* SwaggerPrimitives.swift */; };
		07B40A86233DE2D7006C0F49 /* SwaggerMoyaGenerator.swift in Sources */ = {isa = PBXBuildFile; fileRef = 07B40A85233DE2D7006C0F49 /* SwaggerMoyaGenerator.swift */; };
		07B40A88233DEF23006C0F49 /* SwaggerPrimitives+Swift.swift in Sources */ = {isa = PBXBuildFile; fileRef = 07B40A87233DEF23006C0F49 /* SwaggerPrimitives+Swift.swift */; };
		07B40A8A233E2E95006C0F49 /* String+Generator.swift in Sources */ = {isa = PBXBuildFile; fileRef = 07B40A89233E2E95006C0F49 /* String+Generator.swift */; };
		A26BB01E2340CFD900AB0D53 /* SwaggerPrimitives+Moya.swift in Sources */ = {isa = PBXBuildFile; fileRef = A26BB01D2340CFD900AB0D53 /* SwaggerPrimitives+Moya.swift */; };
/* End PBXBuildFile section */

/* Begin PBXCopyFilesBuildPhase section */
		07B40A71233C9CF4006C0F49 /* CopyFiles */ = {
			isa = PBXCopyFilesBuildPhase;
			buildActionMask = 2147483647;
			dstPath = /usr/share/man/man1/;
			dstSubfolderSpec = 0;
			files = (
			);
			runOnlyForDeploymentPostprocessing = 1;
		};
/* End PBXCopyFilesBuildPhase section */

/* Begin PBXFileReference section */
		07B40A73233C9CF4006C0F49 /* swagen */ = {isa = PBXFileReference; explicitFileType = "compiled.mach-o.executable"; includeInIndex = 0; path = swagen; sourceTree = BUILT_PRODUCTS_DIR; };
		07B40A76233C9CF4006C0F49 /* main.swift */ = {isa = PBXFileReference; lastKnownFileType = sourcecode.swift; path = main.swift; sourceTree = "<group>"; };
		07B40A81233CCE29006C0F49 /* SwaggerProcessor.swift */ = {isa = PBXFileReference; lastKnownFileType = sourcecode.swift; path = SwaggerProcessor.swift; sourceTree = "<group>"; };
		07B40A83233DDF2E006C0F49 /* SwaggerPrimitives.swift */ = {isa = PBXFileReference; lastKnownFileType = sourcecode.swift; path = SwaggerPrimitives.swift; sourceTree = "<group>"; };
		07B40A85233DE2D7006C0F49 /* SwaggerMoyaGenerator.swift */ = {isa = PBXFileReference; lastKnownFileType = sourcecode.swift; path = SwaggerMoyaGenerator.swift; sourceTree = "<group>"; };
		07B40A87233DEF23006C0F49 /* SwaggerPrimitives+Swift.swift */ = {isa = PBXFileReference; lastKnownFileType = sourcecode.swift; path = "SwaggerPrimitives+Swift.swift"; sourceTree = "<group>"; };
		07B40A89233E2E95006C0F49 /* String+Generator.swift */ = {isa = PBXFileReference; lastKnownFileType = sourcecode.swift; path = "String+Generator.swift"; sourceTree = "<group>"; };
		A26BB01D2340CFD900AB0D53 /* SwaggerPrimitives+Moya.swift */ = {isa = PBXFileReference; lastKnownFileType = sourcecode.swift; path = "SwaggerPrimitives+Moya.swift"; sourceTree = "<group>"; };
/* End PBXFileReference section */

/* Begin PBXFrameworksBuildPhase section */
		07B40A70233C9CF4006C0F49 /* Frameworks */ = {
			isa = PBXFrameworksBuildPhase;
			buildActionMask = 2147483647;
			files = (
			);
			runOnlyForDeploymentPostprocessing = 0;
		};
/* End PBXFrameworksBuildPhase section */

/* Begin PBXGroup section */
		07B40A6A233C9CF4006C0F49 = {
			isa = PBXGroup;
			children = (
				07B40A75233C9CF4006C0F49 /* Swagen */,
				07B40A74233C9CF4006C0F49 /* Products */,
			);
			sourceTree = "<group>";
		};
		07B40A74233C9CF4006C0F49 /* Products */ = {
			isa = PBXGroup;
			children = (
				07B40A73233C9CF4006C0F49 /* swagen */,
			);
			name = Products;
			sourceTree = "<group>";
		};
		07B40A75233C9CF4006C0F49 /* Swagen */ = {
			isa = PBXGroup;
			children = (
				07B40A76233C9CF4006C0F49 /* main.swift */,
				07B40A83233DDF2E006C0F49 /* SwaggerPrimitives.swift */,
				07B40A87233DEF23006C0F49 /* SwaggerPrimitives+Swift.swift */,
				A26BB01D2340CFD900AB0D53 /* SwaggerPrimitives+Moya.swift */,
				07B40A81233CCE29006C0F49 /* SwaggerProcessor.swift */,
				07B40A85233DE2D7006C0F49 /* SwaggerMoyaGenerator.swift */,
				07B40A89233E2E95006C0F49 /* String+Generator.swift */,
			);
			path = Swagen;
			sourceTree = "<group>";
		};
/* End PBXGroup section */

/* Begin PBXNativeTarget section */
		07B40A72233C9CF4006C0F49 /* swagen */ = {
			isa = PBXNativeTarget;
			buildConfigurationList = 07B40A7A233C9CF4006C0F49 /* Build configuration list for PBXNativeTarget "swagen" */;
			buildPhases = (
				07B40A6F233C9CF4006C0F49 /* Sources */,
				07B40A70233C9CF4006C0F49 /* Frameworks */,
				07B40A71233C9CF4006C0F49 /* CopyFiles */,
			);
			buildRules = (
			);
			dependencies = (
			);
			name = swagen;
			productName = Swagen;
			productReference = 07B40A73233C9CF4006C0F49 /* swagen */;
			productType = "com.apple.product-type.tool";
		};
/* End PBXNativeTarget section */

/* Begin PBXProject section */
		07B40A6B233C9CF4006C0F49 /* Project object */ = {
			isa = PBXProject;
			attributes = {
				LastSwiftUpdateCheck = 1100;
				LastUpgradeCheck = 1100;
				ORGANIZATIONNAME = "Dmitriy Petrusevich";
				TargetAttributes = {
					07B40A72233C9CF4006C0F49 = {
						CreatedOnToolsVersion = 11.0;
					};
				};
			};
			buildConfigurationList = 07B40A6E233C9CF4006C0F49 /* Build configuration list for PBXProject "Swagen" */;
			compatibilityVersion = "Xcode 9.3";
			developmentRegion = en;
			hasScannedForEncodings = 0;
			knownRegions = (
				en,
				Base,
			);
			mainGroup = 07B40A6A233C9CF4006C0F49;
			productRefGroup = 07B40A74233C9CF4006C0F49 /* Products */;
			projectDirPath = "";
			projectRoot = "";
			targets = (
				07B40A72233C9CF4006C0F49 /* swagen */,
			);
		};
/* End PBXProject section */

/* Begin PBXSourcesBuildPhase section */
		07B40A6F233C9CF4006C0F49 /* Sources */ = {
			isa = PBXSourcesBuildPhase;
			buildActionMask = 2147483647;
			files = (
				07B40A8A233E2E95006C0F49 /* String+Generator.swift in Sources */,
				07B40A77233C9CF4006C0F49 /* main.swift in Sources */,
				07B40A82233CCE29006C0F49 /* SwaggerProcessor.swift in Sources */,
				07B40A88233DEF23006C0F49 /* SwaggerPrimitives+Swift.swift in Sources */,
				07B40A86233DE2D7006C0F49 /* SwaggerMoyaGenerator.swift in Sources */,
				07B40A84233DDF2E006C0F49 /* SwaggerPrimitives.swift in Sources */,
				A26BB01E2340CFD900AB0D53 /* SwaggerPrimitives+Moya.swift in Sources */,
			);
			runOnlyForDeploymentPostprocessing = 0;
		};
/* End PBXSourcesBuildPhase section */

/* Begin XCBuildConfiguration section */
		07B40A78233C9CF4006C0F49 /* Debug */ = {
			isa = XCBuildConfiguration;
			buildSettings = {
				ALWAYS_SEARCH_USER_PATHS = NO;
				CLANG_ANALYZER_NONNULL = YES;
				CLANG_ANALYZER_NUMBER_OBJECT_CONVERSION = YES_AGGRESSIVE;
				CLANG_CXX_LANGUAGE_STANDARD = "gnu++14";
				CLANG_CXX_LIBRARY = "libc++";
				CLANG_ENABLE_MODULES = YES;
				CLANG_ENABLE_OBJC_ARC = YES;
				CLANG_ENABLE_OBJC_WEAK = YES;
				CLANG_WARN_BLOCK_CAPTURE_AUTORELEASING = YES;
				CLANG_WARN_BOOL_CONVERSION = YES;
				CLANG_WARN_COMMA = YES;
				CLANG_WARN_CONSTANT_CONVERSION = YES;
				CLANG_WARN_DEPRECATED_OBJC_IMPLEMENTATIONS = YES;
				CLANG_WARN_DIRECT_OBJC_ISA_USAGE = YES_ERROR;
				CLANG_WARN_DOCUMENTATION_COMMENTS = YES;
				CLANG_WARN_EMPTY_BODY = YES;
				CLANG_WARN_ENUM_CONVERSION = YES;
				CLANG_WARN_INFINITE_RECURSION = YES;
				CLANG_WARN_INT_CONVERSION = YES;
				CLANG_WARN_NON_LITERAL_NULL_CONVERSION = YES;
				CLANG_WARN_OBJC_IMPLICIT_RETAIN_SELF = YES;
				CLANG_WARN_OBJC_LITERAL_CONVERSION = YES;
				CLANG_WARN_OBJC_ROOT_CLASS = YES_ERROR;
				CLANG_WARN_RANGE_LOOP_ANALYSIS = YES;
				CLANG_WARN_STRICT_PROTOTYPES = YES;
				CLANG_WARN_SUSPICIOUS_MOVE = YES;
				CLANG_WARN_UNGUARDED_AVAILABILITY = YES_AGGRESSIVE;
				CLANG_WARN_UNREACHABLE_CODE = YES;
				CLANG_WARN__DUPLICATE_METHOD_MATCH = YES;
				COPY_PHASE_STRIP = NO;
				DEBUG_INFORMATION_FORMAT = dwarf;
				ENABLE_STRICT_OBJC_MSGSEND = YES;
				ENABLE_TESTABILITY = YES;
				GCC_C_LANGUAGE_STANDARD = gnu11;
				GCC_DYNAMIC_NO_PIC = NO;
				GCC_NO_COMMON_BLOCKS = YES;
				GCC_OPTIMIZATION_LEVEL = 0;
				GCC_PREPROCESSOR_DEFINITIONS = (
					"DEBUG=1",
					"$(inherited)",
				);
				GCC_WARN_64_TO_32_BIT_CONVERSION = YES;
				GCC_WARN_ABOUT_RETURN_TYPE = YES_ERROR;
				GCC_WARN_UNDECLARED_SELECTOR = YES;
				GCC_WARN_UNINITIALIZED_AUTOS = YES_AGGRESSIVE;
				GCC_WARN_UNUSED_FUNCTION = YES;
				GCC_WARN_UNUSED_VARIABLE = YES;
				MACOSX_DEPLOYMENT_TARGET = 10.15;
				MTL_ENABLE_DEBUG_INFO = INCLUDE_SOURCE;
				MTL_FAST_MATH = YES;
				ONLY_ACTIVE_ARCH = YES;
				SDKROOT = macosx;
				SWIFT_ACTIVE_COMPILATION_CONDITIONS = DEBUG;
				SWIFT_OPTIMIZATION_LEVEL = "-Onone";
			};
			name = Debug;
		};
		07B40A79233C9CF4006C0F49 /* Release */ = {
			isa = XCBuildConfiguration;
			buildSettings = {
				ALWAYS_SEARCH_USER_PATHS = NO;
				CLANG_ANALYZER_NONNULL = YES;
				CLANG_ANALYZER_NUMBER_OBJECT_CONVERSION = YES_AGGRESSIVE;
				CLANG_CXX_LANGUAGE_STANDARD = "gnu++14";
				CLANG_CXX_LIBRARY = "libc++";
				CLANG_ENABLE_MODULES = YES;
				CLANG_ENABLE_OBJC_ARC = YES;
				CLANG_ENABLE_OBJC_WEAK = YES;
				CLANG_WARN_BLOCK_CAPTURE_AUTORELEASING = YES;
				CLANG_WARN_BOOL_CONVERSION = YES;
				CLANG_WARN_COMMA = YES;
				CLANG_WARN_CONSTANT_CONVERSION = YES;
				CLANG_WARN_DEPRECATED_OBJC_IMPLEMENTATIONS = YES;
				CLANG_WARN_DIRECT_OBJC_ISA_USAGE = YES_ERROR;
				CLANG_WARN_DOCUMENTATION_COMMENTS = YES;
				CLANG_WARN_EMPTY_BODY = YES;
				CLANG_WARN_ENUM_CONVERSION = YES;
				CLANG_WARN_INFINITE_RECURSION = YES;
				CLANG_WARN_INT_CONVERSION = YES;
				CLANG_WARN_NON_LITERAL_NULL_CONVERSION = YES;
				CLANG_WARN_OBJC_IMPLICIT_RETAIN_SELF = YES;
				CLANG_WARN_OBJC_LITERAL_CONVERSION = YES;
				CLANG_WARN_OBJC_ROOT_CLASS = YES_ERROR;
				CLANG_WARN_RANGE_LOOP_ANALYSIS = YES;
				CLANG_WARN_STRICT_PROTOTYPES = YES;
				CLANG_WARN_SUSPICIOUS_MOVE = YES;
				CLANG_WARN_UNGUARDED_AVAILABILITY = YES_AGGRESSIVE;
				CLANG_WARN_UNREACHABLE_CODE = YES;
				CLANG_WARN__DUPLICATE_METHOD_MATCH = YES;
				COPY_PHASE_STRIP = NO;
				DEBUG_INFORMATION_FORMAT = "dwarf-with-dsym";
				ENABLE_NS_ASSERTIONS = NO;
				ENABLE_STRICT_OBJC_MSGSEND = YES;
				GCC_C_LANGUAGE_STANDARD = gnu11;
				GCC_NO_COMMON_BLOCKS = YES;
				GCC_WARN_64_TO_32_BIT_CONVERSION = YES;
				GCC_WARN_ABOUT_RETURN_TYPE = YES_ERROR;
				GCC_WARN_UNDECLARED_SELECTOR = YES;
				GCC_WARN_UNINITIALIZED_AUTOS = YES_AGGRESSIVE;
				GCC_WARN_UNUSED_FUNCTION = YES;
				GCC_WARN_UNUSED_VARIABLE = YES;
				MACOSX_DEPLOYMENT_TARGET = 10.15;
				MTL_ENABLE_DEBUG_INFO = NO;
				MTL_FAST_MATH = YES;
				SDKROOT = macosx;
				SWIFT_COMPILATION_MODE = wholemodule;
				SWIFT_OPTIMIZATION_LEVEL = "-O";
			};
			name = Release;
		};
		07B40A7B233C9CF4006C0F49 /* Debug */ = {
			isa = XCBuildConfiguration;
			buildSettings = {
				CODE_SIGN_STYLE = Automatic;
				PRODUCT_NAME = "$(TARGET_NAME)";
				SWIFT_VERSION = 5.0;
			};
			name = Debug;
		};
		07B40A7C233C9CF4006C0F49 /* Release */ = {
			isa = XCBuildConfiguration;
			buildSettings = {
				CODE_SIGN_STYLE = Automatic;
				PRODUCT_NAME = "$(TARGET_NAME)";
				SWIFT_VERSION = 5.0;
			};
			name = Release;
		};
/* End XCBuildConfiguration section */

/* Begin XCConfigurationList section */
		07B40A6E233C9CF4006C0F49 /* Build configuration list for PBXProject "Swagen" */ = {
			isa = XCConfigurationList;
			buildConfigurations = (
				07B40A78233C9CF4006C0F49 /* Debug */,
				07B40A79233C9CF4006C0F49 /* Release */,
			);
			defaultConfigurationIsVisible = 0;
			defaultConfigurationName = Release;
		};
		07B40A7A233C9CF4006C0F49 /* Build configuration list for PBXNativeTarget "swagen" */ = {
			isa = XCConfigurationList;
			buildConfigurations = (
				07B40A7B233C9CF4006C0F49 /* Debug */,
				07B40A7C233C9CF4006C0F49 /* Release */,
			);
			defaultConfigurationIsVisible = 0;
			defaultConfigurationName = Release;
		};
/* End XCConfigurationList section */
	};
	rootObject = 07B40A6B233C9CF4006C0F49 /* Project object */;
}
